PODS:
  - Flutter (1.0.0)
  - location_service_check (0.0.1):
    - Flutter

DEPENDENCIES:
  - Flutter (from `Flutter`)
  - location_service_check (from `.symlinks/plugins/location_service_check/ios`)

EXTERNAL SOURCES:
  Flutter:
    :path: Flutter
  location_service_check:
    :path: ".symlinks/plugins/location_service_check/ios"

SPEC CHECKSUMS:
  Flutter: f04841e97a9d0b0a8025694d0796dd46242b2854
  location_service_check: 797314da6baf8f65a9c2cbe3b6b11025911ced21

PODFILE CHECKSUM: 70d9d25280d0dd177a5f637cdb0f0b0b12c6a189

COCOAPODS: 1.12.0
